
Microsoft Visual Studio Solution File, Format Version 12.00
# Visual Studio Version 16
VisualStudioVersion = 16.0.31321.278
MinimumVisualStudioVersion = 10.0.40219.1
Project("{FAE04EC0-301F-11D3-BF4B-00C04F79EFBC}") = "StorageConsoleApp", "StorageConsoleApp\StorageConsoleApp.csproj", "{7B56F344-734B-4EE0-900B-B6893663ECCB}"
EndProject
Global
	GlobalSection(SolutionConfigurationPlatforms) = preSolution
		Debug|Any CPU = Debug|Any CPU
		Release|Any CPU = Release|Any CPU
	EndGlobalSection
	GlobalSection(ProjectConfigurationPlatforms) = postSolution
		{7B56F344-734B-4EE0-900B-B6893663ECCB}.Debug|Any CPU.ActiveCfg = Debug|Any CPU
		{7B56F344-734B-4EE0-900B-B6893663ECCB}.Debug|Any CPU.Build.0 = Debug|Any CPU
		{7B56F344-734B-4EE0-900B-B6893663ECCB}.Release|Any CPU.ActiveCfg = Release|Any CPU
		{7B56F344-734B-4EE0-900B-B6893663ECCB}.Release|Any CPU.Build.0 = Release|Any CPU
	EndGlobalSection
	GlobalSection(SolutionProperties) = preSolution
		HideSolutionNode = FALSE
	EndGlobalSection
	GlobalSection(ExtensibilityGlobals) = postSolution
		SolutionGuid = {F69E62A4-2647-4108-9487-98EA6021D163}
	EndGlobalSection
EndGlobal
